
Microsoft Visual Studio Solution File, Format Version 12.00
# Visual Studio Version 16
VisualStudioVersion = 16.0.31624.102
MinimumVisualStudioVersion = 10.0.40219.1
Project("{FAE04EC0-301F-11D3-BF4B-00C04F79EFBC}") = "EFCoreIntro", "EFCoreIntro\EFCoreIntro.csproj", "{35F91E6B-1779-46E1-91CA-A9BC1ACB468F}"
EndProject
Global
	GlobalSection(SolutionConfigurationPlatforms) = preSolution
		Debug|Any CPU = Debug|Any CPU
		Release|Any CPU = Release|Any CPU
	EndGlobalSection
	GlobalSection(ProjectConfigurationPlatforms) = postSolution
		{35F91E6B-1779-46E1-91CA-A9BC1ACB468F}.Debug|Any CPU.ActiveCfg = Debug|Any CPU
		{35F91E6B-1779-46E1-91CA-A9BC1ACB468F}.Debug|Any CPU.Build.0 = Debug|Any CPU
		{35F91E6B-1779-46E1-91CA-A9BC1ACB468F}.Release|Any CPU.ActiveCfg = Release|Any CPU
		{35F91E6B-1779-46E1-91CA-A9BC1ACB468F}.Release|Any CPU.Build.0 = Release|Any CPU
	EndGlobalSection
	GlobalSection(SolutionProperties) = preSolution
		HideSolutionNode = FALSE
	EndGlobalSection
	GlobalSection(ExtensibilityGlobals) = postSolution
		SolutionGuid = {FA9E5EB6-8573-4A83-A4D2-D773F2A048BD}
	EndGlobalSection
EndGlobal
