
Microsoft Visual Studio Solution File, Format Version 12.00
# Visual Studio Version 16
VisualStudioVersion = 16.0.31624.102
MinimumVisualStudioVersion = 10.0.40219.1
Project("{9A19103F-16F7-4668-BE54-9A1E7A4F7556}") = "P02 Villain Names", "ADO.NET Exercise\P02 Villain Names.csproj", "{C08B22B1-CF6F-4FFD-970A-532FEE07D11E}"
EndProject
Project("{9A19103F-16F7-4668-BE54-9A1E7A4F7556}") = "P03 Minion Names", "P03 Minion Names\P03 Minion Names.csproj", "{9586670C-3EE2-477F-A4CA-2A048C122BAB}"
EndProject
Project("{9A19103F-16F7-4668-BE54-9A1E7A4F7556}") = "P04 Add Minion", "P04 Add Minion\P04 Add Minion.csproj", "{ECB3B02F-97CE-4738-A8A9-1B75F83312E4}"
EndProject
Project("{FAE04EC0-301F-11D3-BF4B-00C04F79EFBC}") = "P06 Remove Villain", "P06 Remove Villain\P06 Remove Villain.csproj", "{248F357E-46F3-466D-8A12-271762C7D964}"
EndProject
Project("{FAE04EC0-301F-11D3-BF4B-00C04F79EFBC}") = "P09 Increase Age Stored Procedure", "P09 Increase Age Stored Procedure\P09 Increase Age Stored Procedure.csproj", "{8836B3B7-D05C-4684-841A-40C847B5197D}"
EndProject
Global
	GlobalSection(SolutionConfigurationPlatforms) = preSolution
		Debug|Any CPU = Debug|Any CPU
		Release|Any CPU = Release|Any CPU
	EndGlobalSection
	GlobalSection(ProjectConfigurationPlatforms) = postSolution
		{C08B22B1-CF6F-4FFD-970A-532FEE07D11E}.Debug|Any CPU.ActiveCfg = Debug|Any CPU
		{C08B22B1-CF6F-4FFD-970A-532FEE07D11E}.Debug|Any CPU.Build.0 = Debug|Any CPU
		{C08B22B1-CF6F-4FFD-970A-532FEE07D11E}.Release|Any CPU.ActiveCfg = Release|Any CPU
		{C08B22B1-CF6F-4FFD-970A-532FEE07D11E}.Release|Any CPU.Build.0 = Release|Any CPU
		{9586670C-3EE2-477F-A4CA-2A048C122BAB}.Debug|Any CPU.ActiveCfg = Debug|Any CPU
		{9586670C-3EE2-477F-A4CA-2A048C122BAB}.Debug|Any CPU.Build.0 = Debug|Any CPU
		{9586670C-3EE2-477F-A4CA-2A048C122BAB}.Release|Any CPU.ActiveCfg = Release|Any CPU
		{9586670C-3EE2-477F-A4CA-2A048C122BAB}.Release|Any CPU.Build.0 = Release|Any CPU
		{ECB3B02F-97CE-4738-A8A9-1B75F83312E4}.Debug|Any CPU.ActiveCfg = Debug|Any CPU
		{ECB3B02F-97CE-4738-A8A9-1B75F83312E4}.Debug|Any CPU.Build.0 = Debug|Any CPU
		{ECB3B02F-97CE-4738-A8A9-1B75F83312E4}.Release|Any CPU.ActiveCfg = Release|Any CPU
		{ECB3B02F-97CE-4738-A8A9-1B75F83312E4}.Release|Any CPU.Build.0 = Release|Any CPU
		{248F357E-46F3-466D-8A12-271762C7D964}.Debug|Any CPU.ActiveCfg = Debug|Any CPU
		{248F357E-46F3-466D-8A12-271762C7D964}.Debug|Any CPU.Build.0 = Debug|Any CPU
		{248F357E-46F3-466D-8A12-271762C7D964}.Release|Any CPU.ActiveCfg = Release|Any CPU
		{248F357E-46F3-466D-8A12-271762C7D964}.Release|Any CPU.Build.0 = Release|Any CPU
		{8836B3B7-D05C-4684-841A-40C847B5197D}.Debug|Any CPU.ActiveCfg = Debug|Any CPU
		{8836B3B7-D05C-4684-841A-40C847B5197D}.Debug|Any CPU.Build.0 = Debug|Any CPU
		{8836B3B7-D05C-4684-841A-40C847B5197D}.Release|Any CPU.ActiveCfg = Release|Any CPU
		{8836B3B7-D05C-4684-841A-40C847B5197D}.Release|Any CPU.Build.0 = Release|Any CPU
	EndGlobalSection
	GlobalSection(SolutionProperties) = preSolution
		HideSolutionNode = FALSE
	EndGlobalSection
	GlobalSection(ExtensibilityGlobals) = postSolution
		SolutionGuid = {CCA082C2-2F2D-4564-9796-7FCD3B3698B6}
	EndGlobalSection
EndGlobal
